%{"yamerl": {:hex, :yamerl, "0.3.2", "9eac1537d251e926f47763ab1db0d9e6e8f2397646c290d58aa6ceebc6832fb7", [:rebar3], []},
  "yaml_elixir": {:hex, :yaml_elixir, "1.2.1", "4a8ee3b25598100c710ff11dde4d79b6335608ac092d69aab45cc7475b5abc4d", [:mix], [{:yamerl, "~> 0.3.2", [hex: :yamerl, optional: false]}]}}
